
Microsoft Visual Studio Solution File, Format Version 12.00
# Visual Studio 2013
VisualStudioVersion = 12.0.31101.0
MinimumVisualStudioVersion = 10.0.40219.1
Project("{FAE04EC0-301F-11D3-BF4B-00C04F79EFBC}") = "FIND-Breda", "FIND-Breda\FIND-Breda.csproj", "{975DBAFF-0951-4920-9F10-C7584321CA07}"
EndProject
Global
	GlobalSection(SolutionConfigurationPlatforms) = preSolution
		Debug|Any CPU = Debug|Any CPU
		Debug|ARM = Debug|ARM
		Debug|x86 = Debug|x86
		Release|Any CPU = Release|Any CPU
		Release|ARM = Release|ARM
		Release|x86 = Release|x86
	EndGlobalSection
	GlobalSection(ProjectConfigurationPlatforms) = postSolution
		{975DBAFF-0951-4920-9F10-C7584321CA07}.Debug|Any CPU.ActiveCfg = Debug|Any CPU
		{975DBAFF-0951-4920-9F10-C7584321CA07}.Debug|Any CPU.Build.0 = Debug|Any CPU
		{975DBAFF-0951-4920-9F10-C7584321CA07}.Debug|Any CPU.Deploy.0 = Debug|Any CPU
		{975DBAFF-0951-4920-9F10-C7584321CA07}.Debug|ARM.ActiveCfg = Debug|ARM
		{975DBAFF-0951-4920-9F10-C7584321CA07}.Debug|ARM.Build.0 = Debug|ARM
		{975DBAFF-0951-4920-9F10-C7584321CA07}.Debug|ARM.Deploy.0 = Debug|ARM
		{975DBAFF-0951-4920-9F10-C7584321CA07}.Debug|x86.ActiveCfg = Debug|x86
		{975DBAFF-0951-4920-9F10-C7584321CA07}.Debug|x86.Build.0 = Debug|x86
		{975DBAFF-0951-4920-9F10-C7584321CA07}.Debug|x86.Deploy.0 = Debug|x86
		{975DBAFF-0951-4920-9F10-C7584321CA07}.Release|Any CPU.ActiveCfg = Release|Any CPU
		{975DBAFF-0951-4920-9F10-C7584321CA07}.Release|Any CPU.Build.0 = Release|Any CPU
		{975DBAFF-0951-4920-9F10-C7584321CA07}.Release|Any CPU.Deploy.0 = Release|Any CPU
		{975DBAFF-0951-4920-9F10-C7584321CA07}.Release|ARM.ActiveCfg = Release|ARM
		{975DBAFF-0951-4920-9F10-C7584321CA07}.Release|ARM.Build.0 = Release|ARM
		{975DBAFF-0951-4920-9F10-C7584321CA07}.Release|ARM.Deploy.0 = Release|ARM
		{975DBAFF-0951-4920-9F10-C7584321CA07}.Release|x86.ActiveCfg = Release|x86
		{975DBAFF-0951-4920-9F10-C7584321CA07}.Release|x86.Build.0 = Release|x86
		{975DBAFF-0951-4920-9F10-C7584321CA07}.Release|x86.Deploy.0 = Release|x86
	EndGlobalSection
	GlobalSection(SolutionProperties) = preSolution
		HideSolutionNode = FALSE
	EndGlobalSection
EndGlobal
